
Microsoft Visual Studio Solution File, Format Version 12.00
# Visual Studio Version 17
VisualStudioVersion = 17.0.31919.166
MinimumVisualStudioVersion = 10.0.40219.1
Project("{9A19103F-16F7-4668-BE54-9A1E7A4F7556}") = "SAMT-Website", "SAMT-Website\SAMT-Website.csproj", "{492EA474-9078-4D7D-AAC7-8EDBB7C54FDF}"
EndProject
Project("{2150E333-8FDC-42A3-9474-1A3956D46DE8}") = "Solution Items", "Solution Items", "{70A68420-7921-4570-BF6F-84081A3B903E}"
	ProjectSection(SolutionItems) = preProject
		.gitignore = .gitignore
	EndProjectSection
EndProject
Project("{9A19103F-16F7-4668-BE54-9A1E7A4F7556}") = "SAMT-Cash-Register-old", "SAMT-Cash-Register-old\SAMT-Cash-Register-old.csproj", "{29D41DE1-23F6-4BF4-B96C-0F0D1A9B60F3}"
EndProject
Project("{9A19103F-16F7-4668-BE54-9A1E7A4F7556}") = "Database", "Database\Database.csproj", "{98A4E1E9-AD53-434C-BE0E-779527D6F8A0}"
EndProject
Project("{FAE04EC0-301F-11D3-BF4B-00C04F79EFBC}") = "SAMT-Cash-Register.Server", "SAMT-Cash-Register\Server\SAMT-Cash-Register.Server.csproj", "{0FDA233A-3489-439F-88C4-B963899BBFAD}"
EndProject
Project("{FAE04EC0-301F-11D3-BF4B-00C04F79EFBC}") = "SAMT-Cash-Register.Client", "SAMT-Cash-Register\Client\SAMT-Cash-Register.Client.csproj", "{8349B880-3B54-4DE5-B4C5-7F03FA24457D}"
EndProject
Project("{FAE04EC0-301F-11D3-BF4B-00C04F79EFBC}") = "SAMT-Cash-Register.Shared", "SAMT-Cash-Register\Shared\SAMT-Cash-Register.Shared.csproj", "{BE80ECBA-61E1-475C-968B-22017B7A7C9E}"
EndProject
Global
	GlobalSection(SolutionConfigurationPlatforms) = preSolution
		Debug|Any CPU = Debug|Any CPU
		Release|Any CPU = Release|Any CPU
	EndGlobalSection
	GlobalSection(ProjectConfigurationPlatforms) = postSolution
		{492EA474-9078-4D7D-AAC7-8EDBB7C54FDF}.Debug|Any CPU.ActiveCfg = Debug|Any CPU
		{492EA474-9078-4D7D-AAC7-8EDBB7C54FDF}.Debug|Any CPU.Build.0 = Debug|Any CPU
		{492EA474-9078-4D7D-AAC7-8EDBB7C54FDF}.Release|Any CPU.ActiveCfg = Release|Any CPU
		{492EA474-9078-4D7D-AAC7-8EDBB7C54FDF}.Release|Any CPU.Build.0 = Release|Any CPU
		{29D41DE1-23F6-4BF4-B96C-0F0D1A9B60F3}.Debug|Any CPU.ActiveCfg = Debug|Any CPU
		{29D41DE1-23F6-4BF4-B96C-0F0D1A9B60F3}.Debug|Any CPU.Build.0 = Debug|Any CPU
		{29D41DE1-23F6-4BF4-B96C-0F0D1A9B60F3}.Release|Any CPU.ActiveCfg = Release|Any CPU
		{29D41DE1-23F6-4BF4-B96C-0F0D1A9B60F3}.Release|Any CPU.Build.0 = Release|Any CPU
		{98A4E1E9-AD53-434C-BE0E-779527D6F8A0}.Debug|Any CPU.ActiveCfg = Debug|Any CPU
		{98A4E1E9-AD53-434C-BE0E-779527D6F8A0}.Debug|Any CPU.Build.0 = Debug|Any CPU
		{98A4E1E9-AD53-434C-BE0E-779527D6F8A0}.Release|Any CPU.ActiveCfg = Release|Any CPU
		{98A4E1E9-AD53-434C-BE0E-779527D6F8A0}.Release|Any CPU.Build.0 = Release|Any CPU
		{0FDA233A-3489-439F-88C4-B963899BBFAD}.Debug|Any CPU.ActiveCfg = Debug|Any CPU
		{0FDA233A-3489-439F-88C4-B963899BBFAD}.Debug|Any CPU.Build.0 = Debug|Any CPU
		{0FDA233A-3489-439F-88C4-B963899BBFAD}.Release|Any CPU.ActiveCfg = Release|Any CPU
		{0FDA233A-3489-439F-88C4-B963899BBFAD}.Release|Any CPU.Build.0 = Release|Any CPU
		{8349B880-3B54-4DE5-B4C5-7F03FA24457D}.Debug|Any CPU.ActiveCfg = Debug|Any CPU
		{8349B880-3B54-4DE5-B4C5-7F03FA24457D}.Debug|Any CPU.Build.0 = Debug|Any CPU
		{8349B880-3B54-4DE5-B4C5-7F03FA24457D}.Release|Any CPU.ActiveCfg = Release|Any CPU
		{8349B880-3B54-4DE5-B4C5-7F03FA24457D}.Release|Any CPU.Build.0 = Release|Any CPU
		{BE80ECBA-61E1-475C-968B-22017B7A7C9E}.Debug|Any CPU.ActiveCfg = Debug|Any CPU
		{BE80ECBA-61E1-475C-968B-22017B7A7C9E}.Debug|Any CPU.Build.0 = Debug|Any CPU
		{BE80ECBA-61E1-475C-968B-22017B7A7C9E}.Release|Any CPU.ActiveCfg = Release|Any CPU
		{BE80ECBA-61E1-475C-968B-22017B7A7C9E}.Release|Any CPU.Build.0 = Release|Any CPU
	EndGlobalSection
	GlobalSection(SolutionProperties) = preSolution
		HideSolutionNode = FALSE
	EndGlobalSection
	GlobalSection(ExtensibilityGlobals) = postSolution
		SolutionGuid = {D7955E75-C55A-4860-934F-22AF3854F4F7}
	EndGlobalSection
EndGlobal
