
Microsoft Visual Studio Solution File, Format Version 12.00
# Visual Studio Version 17
VisualStudioVersion = 17.0.31919.166
MinimumVisualStudioVersion = 10.0.40219.1
Project("{9A19103F-16F7-4668-BE54-9A1E7A4F7556}") = "SAMT-Website", "SAMT-Website\SAMT-Website.csproj", "{492EA474-9078-4D7D-AAC7-8EDBB7C54FDF}"
EndProject
Project("{2150E333-8FDC-42A3-9474-1A3956D46DE8}") = "Solution Items", "Solution Items", "{70A68420-7921-4570-BF6F-84081A3B903E}"
	ProjectSection(SolutionItems) = preProject
		.gitignore = .gitignore
	EndProjectSection
EndProject
Project("{9A19103F-16F7-4668-BE54-9A1E7A4F7556}") = "SAMT-Cash-Register", "SAMT-Cash-Register\SAMT-Cash-Register.csproj", "{29D41DE1-23F6-4BF4-B96C-0F0D1A9B60F3}"
EndProject
Project("{9A19103F-16F7-4668-BE54-9A1E7A4F7556}") = "Database", "Database\Database.csproj", "{98A4E1E9-AD53-434C-BE0E-779527D6F8A0}"
EndProject
Global
	GlobalSection(SolutionConfigurationPlatforms) = preSolution
		Debug|Any CPU = Debug|Any CPU
		Release|Any CPU = Release|Any CPU
	EndGlobalSection
	GlobalSection(ProjectConfigurationPlatforms) = postSolution
		{492EA474-9078-4D7D-AAC7-8EDBB7C54FDF}.Debug|Any CPU.ActiveCfg = Debug|Any CPU
		{492EA474-9078-4D7D-AAC7-8EDBB7C54FDF}.Debug|Any CPU.Build.0 = Debug|Any CPU
		{492EA474-9078-4D7D-AAC7-8EDBB7C54FDF}.Release|Any CPU.ActiveCfg = Release|Any CPU
		{492EA474-9078-4D7D-AAC7-8EDBB7C54FDF}.Release|Any CPU.Build.0 = Release|Any CPU
		{29D41DE1-23F6-4BF4-B96C-0F0D1A9B60F3}.Debug|Any CPU.ActiveCfg = Debug|Any CPU
		{29D41DE1-23F6-4BF4-B96C-0F0D1A9B60F3}.Debug|Any CPU.Build.0 = Debug|Any CPU
		{29D41DE1-23F6-4BF4-B96C-0F0D1A9B60F3}.Release|Any CPU.ActiveCfg = Release|Any CPU
		{29D41DE1-23F6-4BF4-B96C-0F0D1A9B60F3}.Release|Any CPU.Build.0 = Release|Any CPU
		{98A4E1E9-AD53-434C-BE0E-779527D6F8A0}.Debug|Any CPU.ActiveCfg = Debug|Any CPU
		{98A4E1E9-AD53-434C-BE0E-779527D6F8A0}.Debug|Any CPU.Build.0 = Debug|Any CPU
		{98A4E1E9-AD53-434C-BE0E-779527D6F8A0}.Release|Any CPU.ActiveCfg = Release|Any CPU
		{98A4E1E9-AD53-434C-BE0E-779527D6F8A0}.Release|Any CPU.Build.0 = Release|Any CPU
	EndGlobalSection
	GlobalSection(SolutionProperties) = preSolution
		HideSolutionNode = FALSE
	EndGlobalSection
	GlobalSection(ExtensibilityGlobals) = postSolution
		SolutionGuid = {D7955E75-C55A-4860-934F-22AF3854F4F7}
	EndGlobalSection
EndGlobal
